// !$*UTF8*$!
{
	archiveVersion = 1;
	classes = {
	};
	objectVersion = 56;
	objects = {

/* Begin PBXBuildFile section */
		102D978D2B5D32A60000C872 /* AppDelegate.swift in Sources */ = {isa = PBXBuildFile; fileRef = 102D978C2B5D32A60000C872 /* AppDelegate.swift */; };
		102D978F2B5D32A60000C872 /* SceneDelegate.swift in Sources */ = {isa = PBXBuildFile; fileRef = 102D978E2B5D32A60000C872 /* SceneDelegate.swift */; };
		102D97912B5D32A60000C872 /* RMTabBarController.swift in Sources */ = {isa = PBXBuildFile; fileRef = 102D97902B5D32A60000C872 /* RMTabBarController.swift */; };
		102D97962B5D32A80000C872 /* Assets.xcassets in Resources */ = {isa = PBXBuildFile; fileRef = 102D97952B5D32A80000C872 /* Assets.xcassets */; };
		102D97992B5D32A80000C872 /* LaunchScreen.storyboard in Resources */ = {isa = PBXBuildFile; fileRef = 102D97972B5D32A80000C872 /* LaunchScreen.storyboard */; };
		102D97AA2B5D36330000C872 /* RMLocation.swift in Sources */ = {isa = PBXBuildFile; fileRef = 102D97A92B5D36330000C872 /* RMLocation.swift */; };
		102D97AC2B5D36670000C872 /* RMCharacter.swift in Sources */ = {isa = PBXBuildFile; fileRef = 102D97AB2B5D36670000C872 /* RMCharacter.swift */; };
		102D97AE2B5D366F0000C872 /* RMEpisode.swift in Sources */ = {isa = PBXBuildFile; fileRef = 102D97AD2B5D366F0000C872 /* RMEpisode.swift */; };
		102D97B12B5D36EC0000C872 /* RMCharacterViewController.swift in Sources */ = {isa = PBXBuildFile; fileRef = 102D97B02B5D36EC0000C872 /* RMCharacterViewController.swift */; };
		102D97B32B5D37010000C872 /* RMLocationViewController.swift in Sources */ = {isa = PBXBuildFile; fileRef = 102D97B22B5D37010000C872 /* RMLocationViewController.swift */; };
		102D97B52B5D370E0000C872 /* RMEpisodeViewController.swift in Sources */ = {isa = PBXBuildFile; fileRef = 102D97B42B5D370E0000C872 /* RMEpisodeViewController.swift */; };
		102D97B72B5D37310000C872 /* RMSettingsViewController.swift in Sources */ = {isa = PBXBuildFile; fileRef = 102D97B62B5D37310000C872 /* RMSettingsViewController.swift */; };
		10AF94E42B5D405600F774AC /* RMService.swift in Sources */ = {isa = PBXBuildFile; fileRef = 10AF94E32B5D405600F774AC /* RMService.swift */; };
		10AF94E62B5D406500F774AC /* RMRequest.swift in Sources */ = {isa = PBXBuildFile; fileRef = 10AF94E52B5D406500F774AC /* RMRequest.swift */; };
		10AF94E82B5D40DF00F774AC /* RMEndpoint.swift in Sources */ = {isa = PBXBuildFile; fileRef = 10AF94E72B5D40DF00F774AC /* RMEndpoint.swift */; };
/* End PBXBuildFile section */

/* Begin PBXFileReference section */
		102D97892B5D32A60000C872 /* RickAndMorty.app */ = {isa = PBXFileReference; explicitFileType = wrapper.application; includeInIndex = 0; path = RickAndMorty.app; sourceTree = BUILT_PRODUCTS_DIR; };
		102D978C2B5D32A60000C872 /* AppDelegate.swift */ = {isa = PBXFileReference; lastKnownFileType = sourcecode.swift; path = AppDelegate.swift; sourceTree = "<group>"; };
		102D978E2B5D32A60000C872 /* SceneDelegate.swift */ = {isa = PBXFileReference; lastKnownFileType = sourcecode.swift; path = SceneDelegate.swift; sourceTree = "<group>"; };
		102D97902B5D32A60000C872 /* RMTabBarController.swift */ = {isa = PBXFileReference; lastKnownFileType = sourcecode.swift; path = RMTabBarController.swift; sourceTree = "<group>"; };
		102D97952B5D32A80000C872 /* Assets.xcassets */ = {isa = PBXFileReference; lastKnownFileType = folder.assetcatalog; path = Assets.xcassets; sourceTree = "<group>"; };
		102D97982B5D32A80000C872 /* Base */ = {isa = PBXFileReference; lastKnownFileType = file.storyboard; name = Base; path = Base.lproj/LaunchScreen.storyboard; sourceTree = "<group>"; };
		102D979A2B5D32A80000C872 /* Info.plist */ = {isa = PBXFileReference; lastKnownFileType = text.plist.xml; path = Info.plist; sourceTree = "<group>"; };
		102D97A92B5D36330000C872 /* RMLocation.swift */ = {isa = PBXFileReference; lastKnownFileType = sourcecode.swift; path = RMLocation.swift; sourceTree = "<group>"; };
		102D97AB2B5D36670000C872 /* RMCharacter.swift */ = {isa = PBXFileReference; lastKnownFileType = sourcecode.swift; path = RMCharacter.swift; sourceTree = "<group>"; };
		102D97AD2B5D366F0000C872 /* RMEpisode.swift */ = {isa = PBXFileReference; lastKnownFileType = sourcecode.swift; path = RMEpisode.swift; sourceTree = "<group>"; };
		102D97B02B5D36EC0000C872 /* RMCharacterViewController.swift */ = {isa = PBXFileReference; lastKnownFileType = sourcecode.swift; path = RMCharacterViewController.swift; sourceTree = "<group>"; };
		102D97B22B5D37010000C872 /* RMLocationViewController.swift */ = {isa = PBXFileReference; lastKnownFileType = sourcecode.swift; path = RMLocationViewController.swift; sourceTree = "<group>"; };
		102D97B42B5D370E0000C872 /* RMEpisodeViewController.swift */ = {isa = PBXFileReference; lastKnownFileType = sourcecode.swift; path = RMEpisodeViewController.swift; sourceTree = "<group>"; };
		102D97B62B5D37310000C872 /* RMSettingsViewController.swift */ = {isa = PBXFileReference; lastKnownFileType = sourcecode.swift; path = RMSettingsViewController.swift; sourceTree = "<group>"; };
		10AF94E32B5D405600F774AC /* RMService.swift */ = {isa = PBXFileReference; lastKnownFileType = sourcecode.swift; path = RMService.swift; sourceTree = "<group>"; };
		10AF94E52B5D406500F774AC /* RMRequest.swift */ = {isa = PBXFileReference; lastKnownFileType = sourcecode.swift; path = RMRequest.swift; sourceTree = "<group>"; };
		10AF94E72B5D40DF00F774AC /* RMEndpoint.swift */ = {isa = PBXFileReference; lastKnownFileType = sourcecode.swift; path = RMEndpoint.swift; sourceTree = "<group>"; };
/* End PBXFileReference section */

/* Begin PBXFrameworksBuildPhase section */
		102D97862B5D32A60000C872 /* Frameworks */ = {
			isa = PBXFrameworksBuildPhase;
			buildActionMask = 2147483647;
			files = (
			);
			runOnlyForDeploymentPostprocessing = 0;
		};
/* End PBXFrameworksBuildPhase section */

/* Begin PBXGroup section */
		102D97802B5D32A60000C872 = {
			isa = PBXGroup;
			children = (
				102D978B2B5D32A60000C872 /* RickAndMorty */,
				102D978A2B5D32A60000C872 /* Products */,
			);
			sourceTree = "<group>";
		};
		102D978A2B5D32A60000C872 /* Products */ = {
			isa = PBXGroup;
			children = (
				102D97892B5D32A60000C872 /* RickAndMorty.app */,
			);
			name = Products;
			sourceTree = "<group>";
		};
		102D978B2B5D32A60000C872 /* RickAndMorty */ = {
			isa = PBXGroup;
			children = (
				102D97A82B5D35B10000C872 /* Resources */,
				102D97A72B5D35A30000C872 /* Managers */,
				102D97A62B5D35890000C872 /* APIClient */,
				102D97A52B5D35760000C872 /* VIewModels */,
				102D97A42B5D356A0000C872 /* Views */,
				102D97A32B5D355D0000C872 /* Models */,
				102D97A22B5D35570000C872 /* Controllers */,
				102D979A2B5D32A80000C872 /* Info.plist */,
			);
			path = RickAndMorty;
			sourceTree = "<group>";
		};
		102D97A22B5D35570000C872 /* Controllers */ = {
			isa = PBXGroup;
			children = (
				102D97AF2B5D36B70000C872 /* Core */,
			);
			path = Controllers;
			sourceTree = "<group>";
		};
		102D97A32B5D355D0000C872 /* Models */ = {
			isa = PBXGroup;
			children = (
				102D97A92B5D36330000C872 /* RMLocation.swift */,
				102D97AB2B5D36670000C872 /* RMCharacter.swift */,
				102D97AD2B5D366F0000C872 /* RMEpisode.swift */,
			);
			path = Models;
			sourceTree = "<group>";
		};
		102D97A42B5D356A0000C872 /* Views */ = {
			isa = PBXGroup;
			children = (
			);
			path = Views;
			sourceTree = "<group>";
		};
		102D97A52B5D35760000C872 /* VIewModels */ = {
			isa = PBXGroup;
			children = (
			);
			path = VIewModels;
			sourceTree = "<group>";
		};
		102D97A62B5D35890000C872 /* APIClient */ = {
			isa = PBXGroup;
			children = (
				10AF94E32B5D405600F774AC /* RMService.swift */,
				10AF94E52B5D406500F774AC /* RMRequest.swift */,
				10AF94E72B5D40DF00F774AC /* RMEndpoint.swift */,
			);
			path = APIClient;
			sourceTree = "<group>";
		};
		102D97A72B5D35A30000C872 /* Managers */ = {
			isa = PBXGroup;
			children = (
			);
			path = Managers;
			sourceTree = "<group>";
		};
		102D97A82B5D35B10000C872 /* Resources */ = {
			isa = PBXGroup;
			children = (
				102D97952B5D32A80000C872 /* Assets.xcassets */,
				102D97972B5D32A80000C872 /* LaunchScreen.storyboard */,
				102D978C2B5D32A60000C872 /* AppDelegate.swift */,
				102D978E2B5D32A60000C872 /* SceneDelegate.swift */,
			);
			path = Resources;
			sourceTree = "<group>";
		};
		102D97AF2B5D36B70000C872 /* Core */ = {
			isa = PBXGroup;
			children = (
				102D97902B5D32A60000C872 /* RMTabBarController.swift */,
				102D97B02B5D36EC0000C872 /* RMCharacterViewController.swift */,
				102D97B22B5D37010000C872 /* RMLocationViewController.swift */,
				102D97B42B5D370E0000C872 /* RMEpisodeViewController.swift */,
				102D97B62B5D37310000C872 /* RMSettingsViewController.swift */,
			);
			path = Core;
			sourceTree = "<group>";
		};
/* End PBXGroup section */

/* Begin PBXNativeTarget section */
		102D97882B5D32A60000C872 /* RickAndMorty */ = {
			isa = PBXNativeTarget;
			buildConfigurationList = 102D979D2B5D32A80000C872 /* Build configuration list for PBXNativeTarget "RickAndMorty" */;
			buildPhases = (
				102D97852B5D32A60000C872 /* Sources */,
				102D97862B5D32A60000C872 /* Frameworks */,
				102D97872B5D32A60000C872 /* Resources */,
			);
			buildRules = (
			);
			dependencies = (
			);
			name = RickAndMorty;
			productName = RickAndMorty;
			productReference = 102D97892B5D32A60000C872 /* RickAndMorty.app */;
			productType = "com.apple.product-type.application";
		};
/* End PBXNativeTarget section */

/* Begin PBXProject section */
		102D97812B5D32A60000C872 /* Project object */ = {
			isa = PBXProject;
			attributes = {
				BuildIndependentTargetsInParallel = 1;
				LastSwiftUpdateCheck = 1520;
				LastUpgradeCheck = 1520;
				TargetAttributes = {
					102D97882B5D32A60000C872 = {
						CreatedOnToolsVersion = 15.2;
					};
				};
			};
			buildConfigurationList = 102D97842B5D32A60000C872 /* Build configuration list for PBXProject "RickAndMorty" */;
			compatibilityVersion = "Xcode 14.0";
			developmentRegion = en;
			hasScannedForEncodings = 0;
			knownRegions = (
				en,
				Base,
			);
			mainGroup = 102D97802B5D32A60000C872;
			productRefGroup = 102D978A2B5D32A60000C872 /* Products */;
			projectDirPath = "";
			projectRoot = "";
			targets = (
				102D97882B5D32A60000C872 /* RickAndMorty */,
			);
		};
/* End PBXProject section */

/* Begin PBXResourcesBuildPhase section */
		102D97872B5D32A60000C872 /* Resources */ = {
			isa = PBXResourcesBuildPhase;
			buildActionMask = 2147483647;
			files = (
				102D97992B5D32A80000C872 /* LaunchScreen.storyboard in Resources */,
				102D97962B5D32A80000C872 /* Assets.xcassets in Resources */,
			);
			runOnlyForDeploymentPostprocessing = 0;
		};
/* End PBXResourcesBuildPhase section */

/* Begin PBXSourcesBuildPhase section */
		102D97852B5D32A60000C872 /* Sources */ = {
			isa = PBXSourcesBuildPhase;
			buildActionMask = 2147483647;
			files = (
				102D97B32B5D37010000C872 /* RMLocationViewController.swift in Sources */,
				102D97912B5D32A60000C872 /* RMTabBarController.swift in Sources */,
				102D978D2B5D32A60000C872 /* AppDelegate.swift in Sources */,
				102D97B52B5D370E0000C872 /* RMEpisodeViewController.swift in Sources */,
				102D97AA2B5D36330000C872 /* RMLocation.swift in Sources */,
				102D978F2B5D32A60000C872 /* SceneDelegate.swift in Sources */,
				102D97B72B5D37310000C872 /* RMSettingsViewController.swift in Sources */,
				10AF94E42B5D405600F774AC /* RMService.swift in Sources */,
				102D97AE2B5D366F0000C872 /* RMEpisode.swift in Sources */,
				10AF94E82B5D40DF00F774AC /* RMEndpoint.swift in Sources */,
				102D97AC2B5D36670000C872 /* RMCharacter.swift in Sources */,
				10AF94E62B5D406500F774AC /* RMRequest.swift in Sources */,
				102D97B12B5D36EC0000C872 /* RMCharacterViewController.swift in Sources */,
			);
			runOnlyForDeploymentPostprocessing = 0;
		};
/* End PBXSourcesBuildPhase section */

/* Begin PBXVariantGroup section */
		102D97972B5D32A80000C872 /* LaunchScreen.storyboard */ = {
			isa = PBXVariantGroup;
			children = (
				102D97982B5D32A80000C872 /* Base */,
			);
			name = LaunchScreen.storyboard;
			sourceTree = "<group>";
		};
/* End PBXVariantGroup section */

/* Begin XCBuildConfiguration section */
		102D979B2B5D32A80000C872 /* Debug */ = {
			isa = XCBuildConfiguration;
			buildSettings = {
				ALWAYS_SEARCH_USER_PATHS = NO;
				ASSETCATALOG_COMPILER_GENERATE_SWIFT_ASSET_SYMBOL_EXTENSIONS = YES;
				CLANG_ANALYZER_NONNULL = YES;
				CLANG_ANALYZER_NUMBER_OBJECT_CONVERSION = YES_AGGRESSIVE;
				CLANG_CXX_LANGUAGE_STANDARD = "gnu++20";
				CLANG_ENABLE_MODULES = YES;
				CLANG_ENABLE_OBJC_ARC = YES;
				CLANG_ENABLE_OBJC_WEAK = YES;
				CLANG_WARN_BLOCK_CAPTURE_AUTORELEASING = YES;
				CLANG_WARN_BOOL_CONVERSION = YES;
				CLANG_WARN_COMMA = YES;
				CLANG_WARN_CONSTANT_CONVERSION = YES;
				CLANG_WARN_DEPRECATED_OBJC_IMPLEMENTATIONS = YES;
				CLANG_WARN_DIRECT_OBJC_ISA_USAGE = YES_ERROR;
				CLANG_WARN_DOCUMENTATION_COMMENTS = YES;
				CLANG_WARN_EMPTY_BODY = YES;
				CLANG_WARN_ENUM_CONVERSION = YES;
				CLANG_WARN_INFINITE_RECURSION = YES;
				CLANG_WARN_INT_CONVERSION = YES;
				CLANG_WARN_NON_LITERAL_NULL_CONVERSION = YES;
				CLANG_WARN_OBJC_IMPLICIT_RETAIN_SELF = YES;
				CLANG_WARN_OBJC_LITERAL_CONVERSION = YES;
				CLANG_WARN_OBJC_ROOT_CLASS = YES_ERROR;
				CLANG_WARN_QUOTED_INCLUDE_IN_FRAMEWORK_HEADER = YES;
				CLANG_WARN_RANGE_LOOP_ANALYSIS = YES;
				CLANG_WARN_STRICT_PROTOTYPES = YES;
				CLANG_WARN_SUSPICIOUS_MOVE = YES;
				CLANG_WARN_UNGUARDED_AVAILABILITY = YES_AGGRESSIVE;
				CLANG_WARN_UNREACHABLE_CODE = YES;
				CLANG_WARN__DUPLICATE_METHOD_MATCH = YES;
				COPY_PHASE_STRIP = NO;
				DEBUG_INFORMATION_FORMAT = dwarf;
				ENABLE_STRICT_OBJC_MSGSEND = YES;
				ENABLE_TESTABILITY = YES;
				ENABLE_USER_SCRIPT_SANDBOXING = YES;
				GCC_C_LANGUAGE_STANDARD = gnu17;
				GCC_DYNAMIC_NO_PIC = NO;
				GCC_NO_COMMON_BLOCKS = YES;
				GCC_OPTIMIZATION_LEVEL = 0;
				GCC_PREPROCESSOR_DEFINITIONS = (
					"DEBUG=1",
					"$(inherited)",
				);
				GCC_WARN_64_TO_32_BIT_CONVERSION = YES;
				GCC_WARN_ABOUT_RETURN_TYPE = YES_ERROR;
				GCC_WARN_UNDECLARED_SELECTOR = YES;
				GCC_WARN_UNINITIALIZED_AUTOS = YES_AGGRESSIVE;
				GCC_WARN_UNUSED_FUNCTION = YES;
				GCC_WARN_UNUSED_VARIABLE = YES;
				IPHONEOS_DEPLOYMENT_TARGET = 17.2;
				LOCALIZATION_PREFERS_STRING_CATALOGS = YES;
				MTL_ENABLE_DEBUG_INFO = INCLUDE_SOURCE;
				MTL_FAST_MATH = YES;
				ONLY_ACTIVE_ARCH = YES;
				SDKROOT = iphoneos;
				SWIFT_ACTIVE_COMPILATION_CONDITIONS = "DEBUG $(inherited)";
				SWIFT_OPTIMIZATION_LEVEL = "-Onone";
			};
			name = Debug;
		};
		102D979C2B5D32A80000C872 /* Release */ = {
			isa = XCBuildConfiguration;
			buildSettings = {
				ALWAYS_SEARCH_USER_PATHS = NO;
				ASSETCATALOG_COMPILER_GENERATE_SWIFT_ASSET_SYMBOL_EXTENSIONS = YES;
				CLANG_ANALYZER_NONNULL = YES;
				CLANG_ANALYZER_NUMBER_OBJECT_CONVERSION = YES_AGGRESSIVE;
				CLANG_CXX_LANGUAGE_STANDARD = "gnu++20";
				CLANG_ENABLE_MODULES = YES;
				CLANG_ENABLE_OBJC_ARC = YES;
				CLANG_ENABLE_OBJC_WEAK = YES;
				CLANG_WARN_BLOCK_CAPTURE_AUTORELEASING = YES;
				CLANG_WARN_BOOL_CONVERSION = YES;
				CLANG_WARN_COMMA = YES;
				CLANG_WARN_CONSTANT_CONVERSION = YES;
				CLANG_WARN_DEPRECATED_OBJC_IMPLEMENTATIONS = YES;
				CLANG_WARN_DIRECT_OBJC_ISA_USAGE = YES_ERROR;
				CLANG_WARN_DOCUMENTATION_COMMENTS = YES;
				CLANG_WARN_EMPTY_BODY = YES;
				CLANG_WARN_ENUM_CONVERSION = YES;
				CLANG_WARN_INFINITE_RECURSION = YES;
				CLANG_WARN_INT_CONVERSION = YES;
				CLANG_WARN_NON_LITERAL_NULL_CONVERSION = YES;
				CLANG_WARN_OBJC_IMPLICIT_RETAIN_SELF = YES;
				CLANG_WARN_OBJC_LITERAL_CONVERSION = YES;
				CLANG_WARN_OBJC_ROOT_CLASS = YES_ERROR;
				CLANG_WARN_QUOTED_INCLUDE_IN_FRAMEWORK_HEADER = YES;
				CLANG_WARN_RANGE_LOOP_ANALYSIS = YES;
				CLANG_WARN_STRICT_PROTOTYPES = YES;
				CLANG_WARN_SUSPICIOUS_MOVE = YES;
				CLANG_WARN_UNGUARDED_AVAILABILITY = YES_AGGRESSIVE;
				CLANG_WARN_UNREACHABLE_CODE = YES;
				CLANG_WARN__DUPLICATE_METHOD_MATCH = YES;
				COPY_PHASE_STRIP = NO;
				DEBUG_INFORMATION_FORMAT = "dwarf-with-dsym";
				ENABLE_NS_ASSERTIONS = NO;
				ENABLE_STRICT_OBJC_MSGSEND = YES;
				ENABLE_USER_SCRIPT_SANDBOXING = YES;
				GCC_C_LANGUAGE_STANDARD = gnu17;
				GCC_NO_COMMON_BLOCKS = YES;
				GCC_WARN_64_TO_32_BIT_CONVERSION = YES;
				GCC_WARN_ABOUT_RETURN_TYPE = YES_ERROR;
				GCC_WARN_UNDECLARED_SELECTOR = YES;
				GCC_WARN_UNINITIALIZED_AUTOS = YES_AGGRESSIVE;
				GCC_WARN_UNUSED_FUNCTION = YES;
				GCC_WARN_UNUSED_VARIABLE = YES;
				IPHONEOS_DEPLOYMENT_TARGET = 17.2;
				LOCALIZATION_PREFERS_STRING_CATALOGS = YES;
				MTL_ENABLE_DEBUG_INFO = NO;
				MTL_FAST_MATH = YES;
				SDKROOT = iphoneos;
				SWIFT_COMPILATION_MODE = wholemodule;
				VALIDATE_PRODUCT = YES;
			};
			name = Release;
		};
		102D979E2B5D32A80000C872 /* Debug */ = {
			isa = XCBuildConfiguration;
			buildSettings = {
				ASSETCATALOG_COMPILER_APPICON_NAME = AppIcon;
				ASSETCATALOG_COMPILER_GLOBAL_ACCENT_COLOR_NAME = AccentColor;
				CODE_SIGN_STYLE = Automatic;
				CURRENT_PROJECT_VERSION = 1;
				GENERATE_INFOPLIST_FILE = YES;
				INFOPLIST_FILE = RickAndMorty/Info.plist;
				INFOPLIST_KEY_UIApplicationSupportsIndirectInputEvents = YES;
				INFOPLIST_KEY_UILaunchStoryboardName = LaunchScreen;
				INFOPLIST_KEY_UISupportedInterfaceOrientations_iPad = "UIInterfaceOrientationPortrait UIInterfaceOrientationPortraitUpsideDown UIInterfaceOrientationLandscapeLeft UIInterfaceOrientationLandscapeRight";
				INFOPLIST_KEY_UISupportedInterfaceOrientations_iPhone = "UIInterfaceOrientationPortrait UIInterfaceOrientationLandscapeLeft UIInterfaceOrientationLandscapeRight";
				LD_RUNPATH_SEARCH_PATHS = (
					"$(inherited)",
					"@executable_path/Frameworks",
				);
				MARKETING_VERSION = 1.0;
				PRODUCT_BUNDLE_IDENTIFIER = bg.zlatarov.RickAndMorty;
				PRODUCT_NAME = "$(TARGET_NAME)";
				SWIFT_EMIT_LOC_STRINGS = YES;
				SWIFT_VERSION = 5.0;
				TARGETED_DEVICE_FAMILY = "1,2";
			};
			name = Debug;
		};
		102D979F2B5D32A80000C872 /* Release */ = {
			isa = XCBuildConfiguration;
			buildSettings = {
				ASSETCATALOG_COMPILER_APPICON_NAME = AppIcon;
				ASSETCATALOG_COMPILER_GLOBAL_ACCENT_COLOR_NAME = AccentColor;
				CODE_SIGN_STYLE = Automatic;
				CURRENT_PROJECT_VERSION = 1;
				GENERATE_INFOPLIST_FILE = YES;
				INFOPLIST_FILE = RickAndMorty/Info.plist;
				INFOPLIST_KEY_UIApplicationSupportsIndirectInputEvents = YES;
				INFOPLIST_KEY_UILaunchStoryboardName = LaunchScreen;
				INFOPLIST_KEY_UISupportedInterfaceOrientations_iPad = "UIInterfaceOrientationPortrait UIInterfaceOrientationPortraitUpsideDown UIInterfaceOrientationLandscapeLeft UIInterfaceOrientationLandscapeRight";
				INFOPLIST_KEY_UISupportedInterfaceOrientations_iPhone = "UIInterfaceOrientationPortrait UIInterfaceOrientationLandscapeLeft UIInterfaceOrientationLandscapeRight";
				LD_RUNPATH_SEARCH_PATHS = (
					"$(inherited)",
					"@executable_path/Frameworks",
				);
				MARKETING_VERSION = 1.0;
				PRODUCT_BUNDLE_IDENTIFIER = bg.zlatarov.RickAndMorty;
				PRODUCT_NAME = "$(TARGET_NAME)";
				SWIFT_EMIT_LOC_STRINGS = YES;
				SWIFT_VERSION = 5.0;
				TARGETED_DEVICE_FAMILY = "1,2";
			};
			name = Release;
		};
/* End XCBuildConfiguration section */

/* Begin XCConfigurationList section */
		102D97842B5D32A60000C872 /* Build configuration list for PBXProject "RickAndMorty" */ = {
			isa = XCConfigurationList;
			buildConfigurations = (
				102D979B2B5D32A80000C872 /* Debug */,
				102D979C2B5D32A80000C872 /* Release */,
			);
			defaultConfigurationIsVisible = 0;
			defaultConfigurationName = Release;
		};
		102D979D2B5D32A80000C872 /* Build configuration list for PBXNativeTarget "RickAndMorty" */ = {
			isa = XCConfigurationList;
			buildConfigurations = (
				102D979E2B5D32A80000C872 /* Debug */,
				102D979F2B5D32A80000C872 /* Release */,
			);
			defaultConfigurationIsVisible = 0;
			defaultConfigurationName = Release;
		};
/* End XCConfigurationList section */
	};
	rootObject = 102D97812B5D32A60000C872 /* Project object */;
}
